
Microsoft Visual Studio Solution File, Format Version 12.00
# Visual Studio Version 17
VisualStudioVersion = 17.10.35004.147
MinimumVisualStudioVersion = 10.0.40219.1
Project("{9A19103F-16F7-4668-BE54-9A1E7A4F7556}") = "PaymentProcessor", "PaymentProcessor\PaymentProcessor.csproj", "{1A5BC201-CC0B-42BC-89EA-D615EFFAB162}"
EndProject
Project("{9A19103F-16F7-4668-BE54-9A1E7A4F7556}") = "PaymentEventConsumer", "PaymentEventConsumer\PaymentEventConsumer.csproj", "{12D2CA16-0639-4456-8454-81776C09E7B8}"
EndProject
Project("{9A19103F-16F7-4668-BE54-9A1E7A4F7556}") = "PaymentDBModel", "PaymentDBModel\PaymentDBModel.csproj", "{6A99DB8D-589A-48B6-97B3-F0F6E2212099}"
EndProject
Project("{FAE04EC0-301F-11D3-BF4B-00C04F79EFBC}") = "RabbitMQService", "RabbitMQService\RabbitMQService.csproj", "{558EBDC9-7FEE-4A20-939C-1140DACBAB7E}"
EndProject
Project("{FAE04EC0-301F-11D3-BF4B-00C04F79EFBC}") = "BaseTypes", "BaseTypes\BaseTypes.csproj", "{2921746A-33E9-4660-89DC-A638EC54BF81}"
EndProject
Global
	GlobalSection(SolutionConfigurationPlatforms) = preSolution
		Debug|Any CPU = Debug|Any CPU
		Release|Any CPU = Release|Any CPU
	EndGlobalSection
	GlobalSection(ProjectConfigurationPlatforms) = postSolution
		{1A5BC201-CC0B-42BC-89EA-D615EFFAB162}.Debug|Any CPU.ActiveCfg = Debug|Any CPU
		{1A5BC201-CC0B-42BC-89EA-D615EFFAB162}.Debug|Any CPU.Build.0 = Debug|Any CPU
		{1A5BC201-CC0B-42BC-89EA-D615EFFAB162}.Release|Any CPU.ActiveCfg = Release|Any CPU
		{1A5BC201-CC0B-42BC-89EA-D615EFFAB162}.Release|Any CPU.Build.0 = Release|Any CPU
		{12D2CA16-0639-4456-8454-81776C09E7B8}.Debug|Any CPU.ActiveCfg = Debug|Any CPU
		{12D2CA16-0639-4456-8454-81776C09E7B8}.Debug|Any CPU.Build.0 = Debug|Any CPU
		{12D2CA16-0639-4456-8454-81776C09E7B8}.Release|Any CPU.ActiveCfg = Release|Any CPU
		{12D2CA16-0639-4456-8454-81776C09E7B8}.Release|Any CPU.Build.0 = Release|Any CPU
		{6A99DB8D-589A-48B6-97B3-F0F6E2212099}.Debug|Any CPU.ActiveCfg = Debug|Any CPU
		{6A99DB8D-589A-48B6-97B3-F0F6E2212099}.Debug|Any CPU.Build.0 = Debug|Any CPU
		{6A99DB8D-589A-48B6-97B3-F0F6E2212099}.Release|Any CPU.ActiveCfg = Release|Any CPU
		{6A99DB8D-589A-48B6-97B3-F0F6E2212099}.Release|Any CPU.Build.0 = Release|Any CPU
		{558EBDC9-7FEE-4A20-939C-1140DACBAB7E}.Debug|Any CPU.ActiveCfg = Debug|Any CPU
		{558EBDC9-7FEE-4A20-939C-1140DACBAB7E}.Debug|Any CPU.Build.0 = Debug|Any CPU
		{558EBDC9-7FEE-4A20-939C-1140DACBAB7E}.Release|Any CPU.ActiveCfg = Release|Any CPU
		{558EBDC9-7FEE-4A20-939C-1140DACBAB7E}.Release|Any CPU.Build.0 = Release|Any CPU
		{2921746A-33E9-4660-89DC-A638EC54BF81}.Debug|Any CPU.ActiveCfg = Debug|Any CPU
		{2921746A-33E9-4660-89DC-A638EC54BF81}.Debug|Any CPU.Build.0 = Debug|Any CPU
		{2921746A-33E9-4660-89DC-A638EC54BF81}.Release|Any CPU.ActiveCfg = Release|Any CPU
		{2921746A-33E9-4660-89DC-A638EC54BF81}.Release|Any CPU.Build.0 = Release|Any CPU
	EndGlobalSection
	GlobalSection(SolutionProperties) = preSolution
		HideSolutionNode = FALSE
	EndGlobalSection
	GlobalSection(ExtensibilityGlobals) = postSolution
		SolutionGuid = {0447CA82-F46E-4A9D-9CB5-A08D1DEAEF26}
	EndGlobalSection
EndGlobal
